
Microsoft Visual Studio Solution File, Format Version 12.00
# Visual Studio 15
VisualStudioVersion = 15.0.27130.2036
MinimumVisualStudioVersion = 10.0.40219.1
Project("{FAE04EC0-301F-11D3-BF4B-00C04F79EFBC}") = "TimeSheet", "TimeSheet\TimeSheet.csproj", "{1F176682-01E5-449F-B1C2-4DD22A70D7FC}"
EndProject
Global
	GlobalSection(SolutionConfigurationPlatforms) = preSolution
		Debug|Any CPU = Debug|Any CPU
		Release|Any CPU = Release|Any CPU
	EndGlobalSection
	GlobalSection(ProjectConfigurationPlatforms) = postSolution
		{1F176682-01E5-449F-B1C2-4DD22A70D7FC}.Debug|Any CPU.ActiveCfg = Debug|Any CPU
		{1F176682-01E5-449F-B1C2-4DD22A70D7FC}.Debug|Any CPU.Build.0 = Debug|Any CPU
		{1F176682-01E5-449F-B1C2-4DD22A70D7FC}.Release|Any CPU.ActiveCfg = Release|Any CPU
		{1F176682-01E5-449F-B1C2-4DD22A70D7FC}.Release|Any CPU.Build.0 = Release|Any CPU
	EndGlobalSection
	GlobalSection(SolutionProperties) = preSolution
		HideSolutionNode = FALSE
	EndGlobalSection
	GlobalSection(ExtensibilityGlobals) = postSolution
		SolutionGuid = {9D8CEF25-C331-456B-BAA5-E4E9F08CA8CE}
	EndGlobalSection
EndGlobal
